
Microsoft Visual Studio Solution File, Format Version 12.00
# Visual Studio 15
VisualStudioVersion = 15.0.26403.7
MinimumVisualStudioVersion = 10.0.40219.1
Project("{FAE04EC0-301F-11D3-BF4B-00C04F79EFBC}") = "ProjetGuiguiCSharpGod", "ProjetGuiguiCSharpGod\ProjetGuiguiCSharpGod.csproj", "{2CE47BD1-0DFE-47A9-A449-330F74172FE5}"
EndProject
Project("{FAE04EC0-301F-11D3-BF4B-00C04F79EFBC}") = "UnitTestProject1", "UnitTestProject1\UnitTestProject1.csproj", "{022EF4A2-75F0-4351-8717-A5FB68114D42}"
EndProject
Global
	GlobalSection(SolutionConfigurationPlatforms) = preSolution
		Debug|Any CPU = Debug|Any CPU
		Release|Any CPU = Release|Any CPU
	EndGlobalSection
	GlobalSection(ProjectConfigurationPlatforms) = postSolution
		{2CE47BD1-0DFE-47A9-A449-330F74172FE5}.Debug|Any CPU.ActiveCfg = Debug|Any CPU
		{2CE47BD1-0DFE-47A9-A449-330F74172FE5}.Debug|Any CPU.Build.0 = Debug|Any CPU
		{2CE47BD1-0DFE-47A9-A449-330F74172FE5}.Release|Any CPU.ActiveCfg = Release|Any CPU
		{2CE47BD1-0DFE-47A9-A449-330F74172FE5}.Release|Any CPU.Build.0 = Release|Any CPU
		{022EF4A2-75F0-4351-8717-A5FB68114D42}.Debug|Any CPU.ActiveCfg = Debug|Any CPU
		{022EF4A2-75F0-4351-8717-A5FB68114D42}.Debug|Any CPU.Build.0 = Debug|Any CPU
		{022EF4A2-75F0-4351-8717-A5FB68114D42}.Release|Any CPU.ActiveCfg = Release|Any CPU
		{022EF4A2-75F0-4351-8717-A5FB68114D42}.Release|Any CPU.Build.0 = Release|Any CPU
	EndGlobalSection
	GlobalSection(SolutionProperties) = preSolution
		HideSolutionNode = FALSE
	EndGlobalSection
EndGlobal
